// !$*UTF8*$!
{
	archiveVersion = 1;
	classes = {
	};
	objectVersion = 77;
	objects = {

/* Begin PBXBuildFile section */
		972294912CFC9DB500B8766F /* FirebaseAnalytics in Frameworks */ = {isa = PBXBuildFile; productRef = 972294902CFC9DB500B8766F /* FirebaseAnalytics */; };
		972294932CFC9DB500B8766F /* FirebaseAnalyticsOnDeviceConversion in Frameworks */ = {isa = PBXBuildFile; productRef = 972294922CFC9DB500B8766F /* FirebaseAnalyticsOnDeviceConversion */; };
		972294952CFC9DB500B8766F /* FirebaseAnalyticsWithoutAdIdSupport in Frameworks */ = {isa = PBXBuildFile; productRef = 972294942CFC9DB500B8766F /* FirebaseAnalyticsWithoutAdIdSupport */; };
		972294972CFC9DB500B8766F /* FirebaseAppCheck in Frameworks */ = {isa = PBXBuildFile; productRef = 972294962CFC9DB500B8766F /* FirebaseAppCheck */; };
		972294992CFC9DB500B8766F /* FirebaseAppDistribution-Beta in Frameworks */ = {isa = PBXBuildFile; productRef = 972294982CFC9DB500B8766F /* FirebaseAppDistribution-Beta */; };
		9722949C2CFCA3A800B8766F /* FirebaseFirestore in Frameworks */ = {isa = PBXBuildFile; productRef = 9722949B2CFCA3A800B8766F /* FirebaseFirestore */; };
/* End PBXBuildFile section */

/* Begin PBXContainerItemProxy section */
		972294712CFC9C8B00B8766F /* PBXContainerItemProxy */ = {
			isa = PBXContainerItemProxy;
			containerPortal = 972294582CFC9C8A00B8766F /* Project object */;
			proxyType = 1;
			remoteGlobalIDString = 9722945F2CFC9C8A00B8766F;
			remoteInfo = chatApp;
		};
		9722947B2CFC9C8B00B8766F /* PBXContainerItemProxy */ = {
			isa = PBXContainerItemProxy;
			containerPortal = 972294582CFC9C8A00B8766F /* Project object */;
			proxyType = 1;
			remoteGlobalIDString = 9722945F2CFC9C8A00B8766F;
			remoteInfo = chatApp;
		};
/* End PBXContainerItemProxy section */

/* Begin PBXFileReference section */
		972294602CFC9C8A00B8766F /* chatApp.app */ = {isa = PBXFileReference; explicitFileType = wrapper.application; includeInIndex = 0; path = chatApp.app; sourceTree = BUILT_PRODUCTS_DIR; };
		972294702CFC9C8B00B8766F /* chatAppTests.xctest */ = {isa = PBXFileReference; explicitFileType = wrapper.cfbundle; includeInIndex = 0; path = chatAppTests.xctest; sourceTree = BUILT_PRODUCTS_DIR; };
		9722947A2CFC9C8B00B8766F /* chatAppUITests.xctest */ = {isa = PBXFileReference; explicitFileType = wrapper.cfbundle; includeInIndex = 0; path = chatAppUITests.xctest; sourceTree = BUILT_PRODUCTS_DIR; };
/* End PBXFileReference section */

/* Begin PBXFileSystemSynchronizedRootGroup section */
		972294622CFC9C8A00B8766F /* chatApp */ = {
			isa = PBXFileSystemSynchronizedRootGroup;
			path = chatApp;
			sourceTree = "<group>";
		};
		972294732CFC9C8B00B8766F /* chatAppTests */ = {
			isa = PBXFileSystemSynchronizedRootGroup;
			path = chatAppTests;
			sourceTree = "<group>";
		};
		9722947D2CFC9C8B00B8766F /* chatAppUITests */ = {
			isa = PBXFileSystemSynchronizedRootGroup;
			path = chatAppUITests;
			sourceTree = "<group>";
		};
/* End PBXFileSystemSynchronizedRootGroup section */

/* Begin PBXFrameworksBuildPhase section */
		9722945D2CFC9C8A00B8766F /* Frameworks */ = {
			isa = PBXFrameworksBuildPhase;
			buildActionMask = 2147483647;
			files = (
				972294972CFC9DB500B8766F /* FirebaseAppCheck in Frameworks */,
				972294912CFC9DB500B8766F /* FirebaseAnalytics in Frameworks */,
				972294992CFC9DB500B8766F /* FirebaseAppDistribution-Beta in Frameworks */,
				972294952CFC9DB500B8766F /* FirebaseAnalyticsWithoutAdIdSupport in Frameworks */,
				972294932CFC9DB500B8766F /* FirebaseAnalyticsOnDeviceConversion in Frameworks */,
				9722949C2CFCA3A800B8766F /* FirebaseFirestore in Frameworks */,
			);
			runOnlyForDeploymentPostprocessing = 0;
		};
		9722946D2CFC9C8B00B8766F /* Frameworks */ = {
			isa = PBXFrameworksBuildPhase;
			buildActionMask = 2147483647;
			files = (
			);
			runOnlyForDeploymentPostprocessing = 0;
		};
		972294772CFC9C8B00B8766F /* Frameworks */ = {
			isa = PBXFrameworksBuildPhase;
			buildActionMask = 2147483647;
			files = (
			);
			runOnlyForDeploymentPostprocessing = 0;
		};
/* End PBXFrameworksBuildPhase section */

/* Begin PBXGroup section */
		972294572CFC9C8A00B8766F = {
			isa = PBXGroup;
			children = (
				972294622CFC9C8A00B8766F /* chatApp */,
				972294732CFC9C8B00B8766F /* chatAppTests */,
				9722947D2CFC9C8B00B8766F /* chatAppUITests */,
				9722949A2CFCA3A800B8766F /* Frameworks */,
				972294612CFC9C8A00B8766F /* Products */,
			);
			sourceTree = "<group>";
		};
		972294612CFC9C8A00B8766F /* Products */ = {
			isa = PBXGroup;
			children = (
				972294602CFC9C8A00B8766F /* chatApp.app */,
				972294702CFC9C8B00B8766F /* chatAppTests.xctest */,
				9722947A2CFC9C8B00B8766F /* chatAppUITests.xctest */,
			);
			name = Products;
			sourceTree = "<group>";
		};
		9722949A2CFCA3A800B8766F /* Frameworks */ = {
			isa = PBXGroup;
			children = (
			);
			name = Frameworks;
			sourceTree = "<group>";
		};
/* End PBXGroup section */

/* Begin PBXNativeTarget section */
		9722945F2CFC9C8A00B8766F /* chatApp */ = {
			isa = PBXNativeTarget;
			buildConfigurationList = 972294842CFC9C8B00B8766F /* Build configuration list for PBXNativeTarget "chatApp" */;
			buildPhases = (
				9722945C2CFC9C8A00B8766F /* Sources */,
				9722945D2CFC9C8A00B8766F /* Frameworks */,
				9722945E2CFC9C8A00B8766F /* Resources */,
			);
			buildRules = (
			);
			dependencies = (
			);
			fileSystemSynchronizedGroups = (
				972294622CFC9C8A00B8766F /* chatApp */,
			);
			name = chatApp;
			packageProductDependencies = (
				972294902CFC9DB500B8766F /* FirebaseAnalytics */,
				972294922CFC9DB500B8766F /* FirebaseAnalyticsOnDeviceConversion */,
				972294942CFC9DB500B8766F /* FirebaseAnalyticsWithoutAdIdSupport */,
				972294962CFC9DB500B8766F /* FirebaseAppCheck */,
				972294982CFC9DB500B8766F /* FirebaseAppDistribution-Beta */,
				9722949B2CFCA3A800B8766F /* FirebaseFirestore */,
			);
			productName = chatApp;
			productReference = 972294602CFC9C8A00B8766F /* chatApp.app */;
			productType = "com.apple.product-type.application";
		};
		9722946F2CFC9C8B00B8766F /* chatAppTests */ = {
			isa = PBXNativeTarget;
			buildConfigurationList = 972294872CFC9C8B00B8766F /* Build configuration list for PBXNativeTarget "chatAppTests" */;
			buildPhases = (
				9722946C2CFC9C8B00B8766F /* Sources */,
				9722946D2CFC9C8B00B8766F /* Frameworks */,
				9722946E2CFC9C8B00B8766F /* Resources */,
			);
			buildRules = (
			);
			dependencies = (
				972294722CFC9C8B00B8766F /* PBXTargetDependency */,
			);
			fileSystemSynchronizedGroups = (
				972294732CFC9C8B00B8766F /* chatAppTests */,
			);
			name = chatAppTests;
			packageProductDependencies = (
			);
			productName = chatAppTests;
			productReference = 972294702CFC9C8B00B8766F /* chatAppTests.xctest */;
			productType = "com.apple.product-type.bundle.unit-test";
		};
		972294792CFC9C8B00B8766F /* chatAppUITests */ = {
			isa = PBXNativeTarget;
			buildConfigurationList = 9722948A2CFC9C8B00B8766F /* Build configuration list for PBXNativeTarget "chatAppUITests" */;
			buildPhases = (
				972294762CFC9C8B00B8766F /* Sources */,
				972294772CFC9C8B00B8766F /* Frameworks */,
				972294782CFC9C8B00B8766F /* Resources */,
			);
			buildRules = (
			);
			dependencies = (
				9722947C2CFC9C8B00B8766F /* PBXTargetDependency */,
			);
			fileSystemSynchronizedGroups = (
				9722947D2CFC9C8B00B8766F /* chatAppUITests */,
			);
			name = chatAppUITests;
			packageProductDependencies = (
			);
			productName = chatAppUITests;
			productReference = 9722947A2CFC9C8B00B8766F /* chatAppUITests.xctest */;
			productType = "com.apple.product-type.bundle.ui-testing";
		};
/* End PBXNativeTarget section */

/* Begin PBXProject section */
		972294582CFC9C8A00B8766F /* Project object */ = {
			isa = PBXProject;
			attributes = {
				BuildIndependentTargetsInParallel = 1;
				LastSwiftUpdateCheck = 1610;
				LastUpgradeCheck = 1610;
				TargetAttributes = {
					9722945F2CFC9C8A00B8766F = {
						CreatedOnToolsVersion = 16.1;
					};
					9722946F2CFC9C8B00B8766F = {
						CreatedOnToolsVersion = 16.1;
						TestTargetID = 9722945F2CFC9C8A00B8766F;
					};
					972294792CFC9C8B00B8766F = {
						CreatedOnToolsVersion = 16.1;
						TestTargetID = 9722945F2CFC9C8A00B8766F;
					};
				};
			};
			buildConfigurationList = 9722945B2CFC9C8A00B8766F /* Build configuration list for PBXProject "chatApp" */;
			developmentRegion = en;
			hasScannedForEncodings = 0;
			knownRegions = (
				en,
				Base,
			);
			mainGroup = 972294572CFC9C8A00B8766F;
			minimizedProjectReferenceProxies = 1;
			packageReferences = (
				9722948F2CFC9DB500B8766F /* XCRemoteSwiftPackageReference "firebase-ios-sdk" */,
			);
			preferredProjectObjectVersion = 77;
			productRefGroup = 972294612CFC9C8A00B8766F /* Products */;
			projectDirPath = "";
			projectRoot = "";
			targets = (
				9722945F2CFC9C8A00B8766F /* chatApp */,
				9722946F2CFC9C8B00B8766F /* chatAppTests */,
				972294792CFC9C8B00B8766F /* chatAppUITests */,
			);
		};
/* End PBXProject section */

/* Begin PBXResourcesBuildPhase section */
		9722945E2CFC9C8A00B8766F /* Resources */ = {
			isa = PBXResourcesBuildPhase;
			buildActionMask = 2147483647;
			files = (
			);
			runOnlyForDeploymentPostprocessing = 0;
		};
		9722946E2CFC9C8B00B8766F /* Resources */ = {
			isa = PBXResourcesBuildPhase;
			buildActionMask = 2147483647;
			files = (
			);
			runOnlyForDeploymentPostprocessing = 0;
		};
		972294782CFC9C8B00B8766F /* Resources */ = {
			isa = PBXResourcesBuildPhase;
			buildActionMask = 2147483647;
			files = (
			);
			runOnlyForDeploymentPostprocessing = 0;
		};
/* End PBXResourcesBuildPhase section */

/* Begin PBXSourcesBuildPhase section */
		9722945C2CFC9C8A00B8766F /* Sources */ = {
			isa = PBXSourcesBuildPhase;
			buildActionMask = 2147483647;
			files = (
			);
			runOnlyForDeploymentPostprocessing = 0;
		};
		9722946C2CFC9C8B00B8766F /* Sources */ = {
			isa = PBXSourcesBuildPhase;
			buildActionMask = 2147483647;
			files = (
			);
			runOnlyForDeploymentPostprocessing = 0;
		};
		972294762CFC9C8B00B8766F /* Sources */ = {
			isa = PBXSourcesBuildPhase;
			buildActionMask = 2147483647;
			files = (
			);
			runOnlyForDeploymentPostprocessing = 0;
		};
/* End PBXSourcesBuildPhase section */

/* Begin PBXTargetDependency section */
		972294722CFC9C8B00B8766F /* PBXTargetDependency */ = {
			isa = PBXTargetDependency;
			target = 9722945F2CFC9C8A00B8766F /* chatApp */;
			targetProxy = 972294712CFC9C8B00B8766F /* PBXContainerItemProxy */;
		};
		9722947C2CFC9C8B00B8766F /* PBXTargetDependency */ = {
			isa = PBXTargetDependency;
			target = 9722945F2CFC9C8A00B8766F /* chatApp */;
			targetProxy = 9722947B2CFC9C8B00B8766F /* PBXContainerItemProxy */;
		};
/* End PBXTargetDependency section */

/* Begin XCBuildConfiguration section */
		972294822CFC9C8B00B8766F /* Debug */ = {
			isa = XCBuildConfiguration;
			buildSettings = {
				ALWAYS_SEARCH_USER_PATHS = NO;
				ASSETCATALOG_COMPILER_GENERATE_SWIFT_ASSET_SYMBOL_EXTENSIONS = YES;
				CLANG_ANALYZER_NONNULL = YES;
				CLANG_ANALYZER_NUMBER_OBJECT_CONVERSION = YES_AGGRESSIVE;
				CLANG_CXX_LANGUAGE_STANDARD = "gnu++20";
				CLANG_ENABLE_MODULES = YES;
				CLANG_ENABLE_OBJC_ARC = YES;
				CLANG_ENABLE_OBJC_WEAK = YES;
				CLANG_WARN_BLOCK_CAPTURE_AUTORELEASING = YES;
				CLANG_WARN_BOOL_CONVERSION = YES;
				CLANG_WARN_COMMA = YES;
				CLANG_WARN_CONSTANT_CONVERSION = YES;
				CLANG_WARN_DEPRECATED_OBJC_IMPLEMENTATIONS = YES;
				CLANG_WARN_DIRECT_OBJC_ISA_USAGE = YES_ERROR;
				CLANG_WARN_DOCUMENTATION_COMMENTS = YES;
				CLANG_WARN_EMPTY_BODY = YES;
				CLANG_WARN_ENUM_CONVERSION = YES;
				CLANG_WARN_INFINITE_RECURSION = YES;
				CLANG_WARN_INT_CONVERSION = YES;
				CLANG_WARN_NON_LITERAL_NULL_CONVERSION = YES;
				CLANG_WARN_OBJC_IMPLICIT_RETAIN_SELF = YES;
				CLANG_WARN_OBJC_LITERAL_CONVERSION = YES;
				CLANG_WARN_OBJC_ROOT_CLASS = YES_ERROR;
				CLANG_WARN_QUOTED_INCLUDE_IN_FRAMEWORK_HEADER = YES;
				CLANG_WARN_RANGE_LOOP_ANALYSIS = YES;
				CLANG_WARN_STRICT_PROTOTYPES = YES;
				CLANG_WARN_SUSPICIOUS_MOVE = YES;
				CLANG_WARN_UNGUARDED_AVAILABILITY = YES_AGGRESSIVE;
				CLANG_WARN_UNREACHABLE_CODE = YES;
				CLANG_WARN__DUPLICATE_METHOD_MATCH = YES;
				COPY_PHASE_STRIP = NO;
				DEBUG_INFORMATION_FORMAT = dwarf;
				ENABLE_STRICT_OBJC_MSGSEND = YES;
				ENABLE_TESTABILITY = YES;
				ENABLE_USER_SCRIPT_SANDBOXING = YES;
				GCC_C_LANGUAGE_STANDARD = gnu17;
				GCC_DYNAMIC_NO_PIC = NO;
				GCC_NO_COMMON_BLOCKS = YES;
				GCC_OPTIMIZATION_LEVEL = 0;
				GCC_PREPROCESSOR_DEFINITIONS = (
					"DEBUG=1",
					"$(inherited)",
				);
				GCC_WARN_64_TO_32_BIT_CONVERSION = YES;
				GCC_WARN_ABOUT_RETURN_TYPE = YES_ERROR;
				GCC_WARN_UNDECLARED_SELECTOR = YES;
				GCC_WARN_UNINITIALIZED_AUTOS = YES_AGGRESSIVE;
				GCC_WARN_UNUSED_FUNCTION = YES;
				GCC_WARN_UNUSED_VARIABLE = YES;
				IPHONEOS_DEPLOYMENT_TARGET = 18.1;
				LOCALIZATION_PREFERS_STRING_CATALOGS = YES;
				MTL_ENABLE_DEBUG_INFO = INCLUDE_SOURCE;
				MTL_FAST_MATH = YES;
				ONLY_ACTIVE_ARCH = YES;
				SDKROOT = iphoneos;
				SWIFT_ACTIVE_COMPILATION_CONDITIONS = "DEBUG $(inherited)";
				SWIFT_OPTIMIZATION_LEVEL = "-Onone";
			};
			name = Debug;
		};
		972294832CFC9C8B00B8766F /* Release */ = {
			isa = XCBuildConfiguration;
			buildSettings = {
				ALWAYS_SEARCH_USER_PATHS = NO;
				ASSETCATALOG_COMPILER_GENERATE_SWIFT_ASSET_SYMBOL_EXTENSIONS = YES;
				CLANG_ANALYZER_NONNULL = YES;
				CLANG_ANALYZER_NUMBER_OBJECT_CONVERSION = YES_AGGRESSIVE;
				CLANG_CXX_LANGUAGE_STANDARD = "gnu++20";
				CLANG_ENABLE_MODULES = YES;
				CLANG_ENABLE_OBJC_ARC = YES;
				CLANG_ENABLE_OBJC_WEAK = YES;
				CLANG_WARN_BLOCK_CAPTURE_AUTORELEASING = YES;
				CLANG_WARN_BOOL_CONVERSION = YES;
				CLANG_WARN_COMMA = YES;
				CLANG_WARN_CONSTANT_CONVERSION = YES;
				CLANG_WARN_DEPRECATED_OBJC_IMPLEMENTATIONS = YES;
				CLANG_WARN_DIRECT_OBJC_ISA_USAGE = YES_ERROR;
				CLANG_WARN_DOCUMENTATION_COMMENTS = YES;
				CLANG_WARN_EMPTY_BODY = YES;
				CLANG_WARN_ENUM_CONVERSION = YES;
				CLANG_WARN_INFINITE_RECURSION = YES;
				CLANG_WARN_INT_CONVERSION = YES;
				CLANG_WARN_NON_LITERAL_NULL_CONVERSION = YES;
				CLANG_WARN_OBJC_IMPLICIT_RETAIN_SELF = YES;
				CLANG_WARN_OBJC_LITERAL_CONVERSION = YES;
				CLANG_WARN_OBJC_ROOT_CLASS = YES_ERROR;
				CLANG_WARN_QUOTED_INCLUDE_IN_FRAMEWORK_HEADER = YES;
				CLANG_WARN_RANGE_LOOP_ANALYSIS = YES;
				CLANG_WARN_STRICT_PROTOTYPES = YES;
				CLANG_WARN_SUSPICIOUS_MOVE = YES;
				CLANG_WARN_UNGUARDED_AVAILABILITY = YES_AGGRESSIVE;
				CLANG_WARN_UNREACHABLE_CODE = YES;
				CLANG_WARN__DUPLICATE_METHOD_MATCH = YES;
				COPY_PHASE_STRIP = NO;
				DEBUG_INFORMATION_FORMAT = "dwarf-with-dsym";
				ENABLE_NS_ASSERTIONS = NO;
				ENABLE_STRICT_OBJC_MSGSEND = YES;
				ENABLE_USER_SCRIPT_SANDBOXING = YES;
				GCC_C_LANGUAGE_STANDARD = gnu17;
				GCC_NO_COMMON_BLOCKS = YES;
				GCC_WARN_64_TO_32_BIT_CONVERSION = YES;
				GCC_WARN_ABOUT_RETURN_TYPE = YES_ERROR;
				GCC_WARN_UNDECLARED_SELECTOR = YES;
				GCC_WARN_UNINITIALIZED_AUTOS = YES_AGGRESSIVE;
				GCC_WARN_UNUSED_FUNCTION = YES;
				GCC_WARN_UNUSED_VARIABLE = YES;
				IPHONEOS_DEPLOYMENT_TARGET = 18.1;
				LOCALIZATION_PREFERS_STRING_CATALOGS = YES;
				MTL_ENABLE_DEBUG_INFO = NO;
				MTL_FAST_MATH = YES;
				SDKROOT = iphoneos;
				SWIFT_COMPILATION_MODE = wholemodule;
				VALIDATE_PRODUCT = YES;
			};
			name = Release;
		};
		972294852CFC9C8B00B8766F /* Debug */ = {
			isa = XCBuildConfiguration;
			buildSettings = {
				ASSETCATALOG_COMPILER_APPICON_NAME = AppIcon;
				ASSETCATALOG_COMPILER_GLOBAL_ACCENT_COLOR_NAME = AccentColor;
				CODE_SIGN_STYLE = Automatic;
				CURRENT_PROJECT_VERSION = 1;
				DEVELOPMENT_ASSET_PATHS = "\"chatApp/Preview Content\"";
				DEVELOPMENT_TEAM = V525BCPX8C;
				ENABLE_PREVIEWS = YES;
				GENERATE_INFOPLIST_FILE = YES;
				INFOPLIST_KEY_UIApplicationSceneManifest_Generation = YES;
				INFOPLIST_KEY_UIApplicationSupportsIndirectInputEvents = YES;
				INFOPLIST_KEY_UILaunchScreen_Generation = YES;
				INFOPLIST_KEY_UISupportedInterfaceOrientations_iPad = "UIInterfaceOrientationPortrait UIInterfaceOrientationPortraitUpsideDown UIInterfaceOrientationLandscapeLeft UIInterfaceOrientationLandscapeRight";
				INFOPLIST_KEY_UISupportedInterfaceOrientations_iPhone = "UIInterfaceOrientationPortrait UIInterfaceOrientationLandscapeLeft UIInterfaceOrientationLandscapeRight";
				LD_RUNPATH_SEARCH_PATHS = (
					"$(inherited)",
					"@executable_path/Frameworks",
				);
				MARKETING_VERSION = 1.0;
				PRODUCT_BUNDLE_IDENTIFIER = com.reiya.chatApp;
				PRODUCT_NAME = "$(TARGET_NAME)";
				SWIFT_EMIT_LOC_STRINGS = YES;
				SWIFT_VERSION = 5.0;
				TARGETED_DEVICE_FAMILY = "1,2";
			};
			name = Debug;
		};
		972294862CFC9C8B00B8766F /* Release */ = {
			isa = XCBuildConfiguration;
			buildSettings = {
				ASSETCATALOG_COMPILER_APPICON_NAME = AppIcon;
				ASSETCATALOG_COMPILER_GLOBAL_ACCENT_COLOR_NAME = AccentColor;
				CODE_SIGN_STYLE = Automatic;
				CURRENT_PROJECT_VERSION = 1;
				DEVELOPMENT_ASSET_PATHS = "\"chatApp/Preview Content\"";
				DEVELOPMENT_TEAM = V525BCPX8C;
				ENABLE_PREVIEWS = YES;
				GENERATE_INFOPLIST_FILE = YES;
				INFOPLIST_KEY_UIApplicationSceneManifest_Generation = YES;
				INFOPLIST_KEY_UIApplicationSupportsIndirectInputEvents = YES;
				INFOPLIST_KEY_UILaunchScreen_Generation = YES;
				INFOPLIST_KEY_UISupportedInterfaceOrientations_iPad = "UIInterfaceOrientationPortrait UIInterfaceOrientationPortraitUpsideDown UIInterfaceOrientationLandscapeLeft UIInterfaceOrientationLandscapeRight";
				INFOPLIST_KEY_UISupportedInterfaceOrientations_iPhone = "UIInterfaceOrientationPortrait UIInterfaceOrientationLandscapeLeft UIInterfaceOrientationLandscapeRight";
				LD_RUNPATH_SEARCH_PATHS = (
					"$(inherited)",
					"@executable_path/Frameworks",
				);
				MARKETING_VERSION = 1.0;
				PRODUCT_BUNDLE_IDENTIFIER = com.reiya.chatApp;
				PRODUCT_NAME = "$(TARGET_NAME)";
				SWIFT_EMIT_LOC_STRINGS = YES;
				SWIFT_VERSION = 5.0;
				TARGETED_DEVICE_FAMILY = "1,2";
			};
			name = Release;
		};
		972294882CFC9C8B00B8766F /* Debug */ = {
			isa = XCBuildConfiguration;
			buildSettings = {
				BUNDLE_LOADER = "$(TEST_HOST)";
				CODE_SIGN_STYLE = Automatic;
				CURRENT_PROJECT_VERSION = 1;
				DEVELOPMENT_TEAM = V525BCPX8C;
				GENERATE_INFOPLIST_FILE = YES;
				IPHONEOS_DEPLOYMENT_TARGET = 18.1;
				MARKETING_VERSION = 1.0;
				PRODUCT_BUNDLE_IDENTIFIER = com.reiya.chatAppTests;
				PRODUCT_NAME = "$(TARGET_NAME)";
				SWIFT_EMIT_LOC_STRINGS = NO;
				SWIFT_VERSION = 5.0;
				TARGETED_DEVICE_FAMILY = "1,2";
				TEST_HOST = "$(BUILT_PRODUCTS_DIR)/chatApp.app/$(BUNDLE_EXECUTABLE_FOLDER_PATH)/chatApp";
			};
			name = Debug;
		};
		972294892CFC9C8B00B8766F /* Release */ = {
			isa = XCBuildConfiguration;
			buildSettings = {
				BUNDLE_LOADER = "$(TEST_HOST)";
				CODE_SIGN_STYLE = Automatic;
				CURRENT_PROJECT_VERSION = 1;
				DEVELOPMENT_TEAM = V525BCPX8C;
				GENERATE_INFOPLIST_FILE = YES;
				IPHONEOS_DEPLOYMENT_TARGET = 18.1;
				MARKETING_VERSION = 1.0;
				PRODUCT_BUNDLE_IDENTIFIER = com.reiya.chatAppTests;
				PRODUCT_NAME = "$(TARGET_NAME)";
				SWIFT_EMIT_LOC_STRINGS = NO;
				SWIFT_VERSION = 5.0;
				TARGETED_DEVICE_FAMILY = "1,2";
				TEST_HOST = "$(BUILT_PRODUCTS_DIR)/chatApp.app/$(BUNDLE_EXECUTABLE_FOLDER_PATH)/chatApp";
			};
			name = Release;
		};
		9722948B2CFC9C8B00B8766F /* Debug */ = {
			isa = XCBuildConfiguration;
			buildSettings = {
				CODE_SIGN_STYLE = Automatic;
				CURRENT_PROJECT_VERSION = 1;
				DEVELOPMENT_TEAM = V525BCPX8C;
				GENERATE_INFOPLIST_FILE = YES;
				MARKETING_VERSION = 1.0;
				PRODUCT_BUNDLE_IDENTIFIER = com.reiya.chatAppUITests;
				PRODUCT_NAME = "$(TARGET_NAME)";
				SWIFT_EMIT_LOC_STRINGS = NO;
				SWIFT_VERSION = 5.0;
				TARGETED_DEVICE_FAMILY = "1,2";
				TEST_TARGET_NAME = chatApp;
			};
			name = Debug;
		};
		9722948C2CFC9C8B00B8766F /* Release */ = {
			isa = XCBuildConfiguration;
			buildSettings = {
				CODE_SIGN_STYLE = Automatic;
				CURRENT_PROJECT_VERSION = 1;
				DEVELOPMENT_TEAM = V525BCPX8C;
				GENERATE_INFOPLIST_FILE = YES;
				MARKETING_VERSION = 1.0;
				PRODUCT_BUNDLE_IDENTIFIER = com.reiya.chatAppUITests;
				PRODUCT_NAME = "$(TARGET_NAME)";
				SWIFT_EMIT_LOC_STRINGS = NO;
				SWIFT_VERSION = 5.0;
				TARGETED_DEVICE_FAMILY = "1,2";
				TEST_TARGET_NAME = chatApp;
			};
			name = Release;
		};
/* End XCBuildConfiguration section */

/* Begin XCConfigurationList section */
		9722945B2CFC9C8A00B8766F /* Build configuration list for PBXProject "chatApp" */ = {
			isa = XCConfigurationList;
			buildConfigurations = (
				972294822CFC9C8B00B8766F /* Debug */,
				972294832CFC9C8B00B8766F /* Release */,
			);
			defaultConfigurationIsVisible = 0;
			defaultConfigurationName = Release;
		};
		972294842CFC9C8B00B8766F /* Build configuration list for PBXNativeTarget "chatApp" */ = {
			isa = XCConfigurationList;
			buildConfigurations = (
				972294852CFC9C8B00B8766F /* Debug */,
				972294862CFC9C8B00B8766F /* Release */,
			);
			defaultConfigurationIsVisible = 0;
			defaultConfigurationName = Release;
		};
		972294872CFC9C8B00B8766F /* Build configuration list for PBXNativeTarget "chatAppTests" */ = {
			isa = XCConfigurationList;
			buildConfigurations = (
				972294882CFC9C8B00B8766F /* Debug */,
				972294892CFC9C8B00B8766F /* Release */,
			);
			defaultConfigurationIsVisible = 0;
			defaultConfigurationName = Release;
		};
		9722948A2CFC9C8B00B8766F /* Build configuration list for PBXNativeTarget "chatAppUITests" */ = {
			isa = XCConfigurationList;
			buildConfigurations = (
				9722948B2CFC9C8B00B8766F /* Debug */,
				9722948C2CFC9C8B00B8766F /* Release */,
			);
			defaultConfigurationIsVisible = 0;
			defaultConfigurationName = Release;
		};
/* End XCConfigurationList section */

/* Begin XCRemoteSwiftPackageReference section */
		9722948F2CFC9DB500B8766F /* XCRemoteSwiftPackageReference "firebase-ios-sdk" */ = {
			isa = XCRemoteSwiftPackageReference;
			repositoryURL = "https://github.com/firebase/firebase-ios-sdk";
			requirement = {
				kind = upToNextMajorVersion;
				minimumVersion = 11.5.0;
			};
		};
/* End XCRemoteSwiftPackageReference section */

/* Begin XCSwiftPackageProductDependency section */
		972294902CFC9DB500B8766F /* FirebaseAnalytics */ = {
			isa = XCSwiftPackageProductDependency;
			package = 9722948F2CFC9DB500B8766F /* XCRemoteSwiftPackageReference "firebase-ios-sdk" */;
			productName = FirebaseAnalytics;
		};
		972294922CFC9DB500B8766F /* FirebaseAnalyticsOnDeviceConversion */ = {
			isa = XCSwiftPackageProductDependency;
			package = 9722948F2CFC9DB500B8766F /* XCRemoteSwiftPackageReference "firebase-ios-sdk" */;
			productName = FirebaseAnalyticsOnDeviceConversion;
		};
		972294942CFC9DB500B8766F /* FirebaseAnalyticsWithoutAdIdSupport */ = {
			isa = XCSwiftPackageProductDependency;
			package = 9722948F2CFC9DB500B8766F /* XCRemoteSwiftPackageReference "firebase-ios-sdk" */;
			productName = FirebaseAnalyticsWithoutAdIdSupport;
		};
		972294962CFC9DB500B8766F /* FirebaseAppCheck */ = {
			isa = XCSwiftPackageProductDependency;
			package = 9722948F2CFC9DB500B8766F /* XCRemoteSwiftPackageReference "firebase-ios-sdk" */;
			productName = FirebaseAppCheck;
		};
		972294982CFC9DB500B8766F /* FirebaseAppDistribution-Beta */ = {
			isa = XCSwiftPackageProductDependency;
			package = 9722948F2CFC9DB500B8766F /* XCRemoteSwiftPackageReference "firebase-ios-sdk" */;
			productName = "FirebaseAppDistribution-Beta";
		};
		9722949B2CFCA3A800B8766F /* FirebaseFirestore */ = {
			isa = XCSwiftPackageProductDependency;
			package = 9722948F2CFC9DB500B8766F /* XCRemoteSwiftPackageReference "firebase-ios-sdk" */;
			productName = FirebaseFirestore;
		};
/* End XCSwiftPackageProductDependency section */
	};
	rootObject = 972294582CFC9C8A00B8766F /* Project object */;
}
